
Microsoft Visual Studio Solution File, Format Version 12.00
# Visual Studio Version 16
VisualStudioVersion = 16.0.29509.3
MinimumVisualStudioVersion = 10.0.40219.1
Project("{9A19103F-16F7-4668-BE54-9A1E7A4F7556}") = "QuiCaching", "QuiCaching.csproj", "{1013BE4A-9632-438E-BAFE-6ECF5F9A64A3}"
EndProject
Global
	GlobalSection(SolutionConfigurationPlatforms) = preSolution
		Debug|Any CPU = Debug|Any CPU
		Release|Any CPU = Release|Any CPU
	EndGlobalSection
	GlobalSection(ProjectConfigurationPlatforms) = postSolution
		{1013BE4A-9632-438E-BAFE-6ECF5F9A64A3}.Debug|Any CPU.ActiveCfg = Debug|Any CPU
		{1013BE4A-9632-438E-BAFE-6ECF5F9A64A3}.Debug|Any CPU.Build.0 = Debug|Any CPU
		{1013BE4A-9632-438E-BAFE-6ECF5F9A64A3}.Release|Any CPU.ActiveCfg = Release|Any CPU
		{1013BE4A-9632-438E-BAFE-6ECF5F9A64A3}.Release|Any CPU.Build.0 = Release|Any CPU
	EndGlobalSection
	GlobalSection(SolutionProperties) = preSolution
		HideSolutionNode = FALSE
	EndGlobalSection
	GlobalSection(ExtensibilityGlobals) = postSolution
		SolutionGuid = {D88F5C3D-D07B-43C8-B194-AB0C6C5EFD4F}
	EndGlobalSection
EndGlobal
